
Microsoft Visual Studio Solution File, Format Version 12.00
# Visual Studio 2013
VisualStudioVersion = 12.0.21005.1
MinimumVisualStudioVersion = 10.0.40219.1
Project("{8BC9CEB8-8B4A-11D0-8D11-00A0C91BC942}") = "LRU缓存机制", "LRU缓存机制\LRU缓存机制.vcxproj", "{AD399216-CDC1-4899-85C3-F27AE260AD61}"
EndProject
Global
	GlobalSection(SolutionConfigurationPlatforms) = preSolution
		Debug|Win32 = Debug|Win32
		Release|Win32 = Release|Win32
	EndGlobalSection
	GlobalSection(ProjectConfigurationPlatforms) = postSolution
		{AD399216-CDC1-4899-85C3-F27AE260AD61}.Debug|Win32.ActiveCfg = Debug|Win32
		{AD399216-CDC1-4899-85C3-F27AE260AD61}.Debug|Win32.Build.0 = Debug|Win32
		{AD399216-CDC1-4899-85C3-F27AE260AD61}.Release|Win32.ActiveCfg = Release|Win32
		{AD399216-CDC1-4899-85C3-F27AE260AD61}.Release|Win32.Build.0 = Release|Win32
	EndGlobalSection
	GlobalSection(SolutionProperties) = preSolution
		HideSolutionNode = FALSE
	EndGlobalSection
EndGlobal
