
Microsoft Visual Studio Solution File, Format Version 12.00
# Visual Studio 2013
VisualStudioVersion = 12.0.21005.1
MinimumVisualStudioVersion = 10.0.40219.1
Project("{8BC9CEB8-8B4A-11D0-8D11-00A0C91BC942}") = "搜索算法8_18", "搜索算法8_18\搜索算法8_18.vcxproj", "{5CCEE9F6-EC74-496B-B4AB-C12D9AA13DD8}"
EndProject
Global
	GlobalSection(SolutionConfigurationPlatforms) = preSolution
		Debug|Win32 = Debug|Win32
		Release|Win32 = Release|Win32
	EndGlobalSection
	GlobalSection(ProjectConfigurationPlatforms) = postSolution
		{5CCEE9F6-EC74-496B-B4AB-C12D9AA13DD8}.Debug|Win32.ActiveCfg = Debug|Win32
		{5CCEE9F6-EC74-496B-B4AB-C12D9AA13DD8}.Debug|Win32.Build.0 = Debug|Win32
		{5CCEE9F6-EC74-496B-B4AB-C12D9AA13DD8}.Release|Win32.ActiveCfg = Release|Win32
		{5CCEE9F6-EC74-496B-B4AB-C12D9AA13DD8}.Release|Win32.Build.0 = Release|Win32
	EndGlobalSection
	GlobalSection(SolutionProperties) = preSolution
		HideSolutionNode = FALSE
	EndGlobalSection
EndGlobal
